
Microsoft Visual Studio Solution File, Format Version 12.00
# Visual Studio 15
VisualStudioVersion = 15.0.27703.2047
MinimumVisualStudioVersion = 10.0.40219.1
Project("{9A19103F-16F7-4668-BE54-9A1E7A4F7556}") = "Exercize_5A", "Exercize_5A\Exercize_5A.csproj", "{FEB11399-ED86-4B17-A2EC-74AAA4488B64}"
EndProject
Global
	GlobalSection(SolutionConfigurationPlatforms) = preSolution
		Debug|Any CPU = Debug|Any CPU
		Release|Any CPU = Release|Any CPU
	EndGlobalSection
	GlobalSection(ProjectConfigurationPlatforms) = postSolution
		{FEB11399-ED86-4B17-A2EC-74AAA4488B64}.Debug|Any CPU.ActiveCfg = Debug|Any CPU
		{FEB11399-ED86-4B17-A2EC-74AAA4488B64}.Debug|Any CPU.Build.0 = Debug|Any CPU
		{FEB11399-ED86-4B17-A2EC-74AAA4488B64}.Release|Any CPU.ActiveCfg = Release|Any CPU
		{FEB11399-ED86-4B17-A2EC-74AAA4488B64}.Release|Any CPU.Build.0 = Release|Any CPU
	EndGlobalSection
	GlobalSection(SolutionProperties) = preSolution
		HideSolutionNode = FALSE
	EndGlobalSection
	GlobalSection(ExtensibilityGlobals) = postSolution
		SolutionGuid = {E298050C-BC16-421C-B911-D8EAA22C69C0}
	EndGlobalSection
EndGlobal
